
Microsoft Visual Studio Solution File, Format Version 12.00
# Visual Studio 15
VisualStudioVersion = 15.0.27130.2027
MinimumVisualStudioVersion = 10.0.40219.1
Project("{FAE04EC0-301F-11D3-BF4B-00C04F79EFBC}") = "WindowsFormsApp6", "WindowsFormsApp6\WindowsFormsApp6.csproj", "{1363459E-D16E-4BE6-9159-97A0F0F6B5EE}"
EndProject
Global
	GlobalSection(SolutionConfigurationPlatforms) = preSolution
		Debug|Any CPU = Debug|Any CPU
		Release|Any CPU = Release|Any CPU
	EndGlobalSection
	GlobalSection(ProjectConfigurationPlatforms) = postSolution
		{1363459E-D16E-4BE6-9159-97A0F0F6B5EE}.Debug|Any CPU.ActiveCfg = Debug|Any CPU
		{1363459E-D16E-4BE6-9159-97A0F0F6B5EE}.Debug|Any CPU.Build.0 = Debug|Any CPU
		{1363459E-D16E-4BE6-9159-97A0F0F6B5EE}.Release|Any CPU.ActiveCfg = Release|Any CPU
		{1363459E-D16E-4BE6-9159-97A0F0F6B5EE}.Release|Any CPU.Build.0 = Release|Any CPU
	EndGlobalSection
	GlobalSection(SolutionProperties) = preSolution
		HideSolutionNode = FALSE
	EndGlobalSection
	GlobalSection(ExtensibilityGlobals) = postSolution
		SolutionGuid = {C1149033-0E9F-442C-9EF6-10F1548D4CA5}
	EndGlobalSection
EndGlobal
